
Microsoft Visual Studio Solution File, Format Version 12.00
# Visual Studio Version 16
VisualStudioVersion = 16.0.29920.165
MinimumVisualStudioVersion = 10.0.40219.1
Project("{FAE04EC0-301F-11D3-BF4B-00C04F79EFBC}") = "CADesktopUI", "CADesktopUI\CADesktopUI.csproj", "{4EAAAFD7-54A9-4163-AA8B-164198B918D4}"
EndProject
Project("{888888A0-9F3D-457C-B088-3A5042F75D52}") = "CANeuralNetwork", "CANeuralNetwork\CANeuralNetwork.pyproj", "{EBCB703B-8E8A-4451-85CE-DB466063D54D}"
EndProject
Global
	GlobalSection(SolutionConfigurationPlatforms) = preSolution
		Debug|Any CPU = Debug|Any CPU
		Release|Any CPU = Release|Any CPU
	EndGlobalSection
	GlobalSection(ProjectConfigurationPlatforms) = postSolution
		{4EAAAFD7-54A9-4163-AA8B-164198B918D4}.Debug|Any CPU.ActiveCfg = Debug|Any CPU
		{4EAAAFD7-54A9-4163-AA8B-164198B918D4}.Debug|Any CPU.Build.0 = Debug|Any CPU
		{4EAAAFD7-54A9-4163-AA8B-164198B918D4}.Release|Any CPU.ActiveCfg = Release|Any CPU
		{4EAAAFD7-54A9-4163-AA8B-164198B918D4}.Release|Any CPU.Build.0 = Release|Any CPU
		{EBCB703B-8E8A-4451-85CE-DB466063D54D}.Debug|Any CPU.ActiveCfg = Debug|Any CPU
		{EBCB703B-8E8A-4451-85CE-DB466063D54D}.Release|Any CPU.ActiveCfg = Release|Any CPU
	EndGlobalSection
	GlobalSection(SolutionProperties) = preSolution
		HideSolutionNode = FALSE
	EndGlobalSection
	GlobalSection(ExtensibilityGlobals) = postSolution
		SolutionGuid = {E8AAF43B-607A-4C2E-BFEC-B201C5BC11B6}
	EndGlobalSection
EndGlobal
